Microsoft Visual Studio Solution File, Format Version 12.00
# Visual Studio Version 17
VisualStudioVersion = 17.5.2.0
MinimumVisualStudioVersion = 10.0.40219.1
Project("{FAE04EC0-301F-11D3-BF4B-00C04F79EFBC}") = "gerenciador-contatos", "gerenciador-contatos\gerenciador-contatos.csproj", "{CC138947-10DC-E841-EEDE-F627AE8EE7B9}"
EndProject
Global
	GlobalSection(SolutionConfigurationPlatforms) = preSolution
		Debug|Any CPU = Debug|Any CPU
		Release|Any CPU = Release|Any CPU
	EndGlobalSection
	GlobalSection(ProjectConfigurationPlatforms) = postSolution
		{CC138947-10DC-E841-EEDE-F627AE8EE7B9}.Debug|Any CPU.ActiveCfg = Debug|Any CPU
		{CC138947-10DC-E841-EEDE-F627AE8EE7B9}.Debug|Any CPU.Build.0 = Debug|Any CPU
		{CC138947-10DC-E841-EEDE-F627AE8EE7B9}.Release|Any CPU.ActiveCfg = Release|Any CPU
		{CC138947-10DC-E841-EEDE-F627AE8EE7B9}.Release|Any CPU.Build.0 = Release|Any CPU
	EndGlobalSection
	GlobalSection(SolutionProperties) = preSolution
		HideSolutionNode = FALSE
	EndGlobalSection
	GlobalSection(ExtensibilityGlobals) = postSolution
		SolutionGuid = {A0C7C15F-6AFF-4EC1-9314-398B0326480B}
	EndGlobalSection
EndGlobal
